
Microsoft Visual Studio Solution File, Format Version 12.00
# Visual Studio 2012
Project("{FAE04EC0-301F-11D3-BF4B-00C04F79EFBC}") = "Business", "Business\Business.csproj", "{E6EC48C1-E69B-4FBB-9DDE-8256CB319103}"
EndProject
Project("{FAE04EC0-301F-11D3-BF4B-00C04F79EFBC}") = "Common", "Common\Common.csproj", "{19835B64-D9FD-417E-B24B-5FB606EA90C9}"
EndProject
Project("{FAE04EC0-301F-11D3-BF4B-00C04F79EFBC}") = "DataSource", "Data\DataSource.csproj", "{7D49E64B-6DF5-4B06-A2D6-7A9759FEC527}"
EndProject
Project("{FAE04EC0-301F-11D3-BF4B-00C04F79EFBC}") = "FuntionTests", "FuntionTests\FuntionTests.csproj", "{EEC36996-85F7-48FD-8835-5E769191DC11}"
EndProject
Project("{2150E333-8FDC-42A3-9474-1A3956D46DE8}") = "Src", "Src", "{6CFC2118-7F7E-4B24-991C-BDB80CDEFB15}"
EndProject
Project("{2150E333-8FDC-42A3-9474-1A3956D46DE8}") = "Test", "Test", "{A4A8E703-2382-46D6-B525-95CC32A2C07E}"
EndProject
Project("{FAE04EC0-301F-11D3-BF4B-00C04F79EFBC}") = "SkillBankUI", "SkillBankUI\SkillBankUI.csproj", "{AFB0CEC6-90DC-4607-B1C0-E827F6DC47AE}"
EndProject
Project("{FAE04EC0-301F-11D3-BF4B-00C04F79EFBC}") = "Web", "Web\Web.csproj", "{97ED241F-9284-4EA6-87B7-AFAEE1095019}"
EndProject
Project("{FAE04EC0-301F-11D3-BF4B-00C04F79EFBC}") = "UnitTests", "UnitTests\UnitTests.csproj", "{1B17E313-7C33-4890-9CD6-E32B16F9FDE4}"
EndProject
Project("{FAE04EC0-301F-11D3-BF4B-00C04F79EFBC}") = "dotNetDR_OAuth2", "dotNetDR_OAuth2\dotNetDR_OAuth2.csproj", "{7B72FFE8-BDDF-4D2C-9A8E-F51B59F7B949}"
EndProject
Project("{FAE04EC0-301F-11D3-BF4B-00C04F79EFBC}") = "RongCloudServerSDK", "RongCloudServerSDK\RongCloudServerSDK.csproj", "{E9A5242E-1DA9-4B52-8299-E15F51D6ADFC}"
EndProject
Global
	GlobalSection(SolutionConfigurationPlatforms) = preSolution
		Debug|Any CPU = Debug|Any CPU
		Release|Any CPU = Release|Any CPU
	EndGlobalSection
	GlobalSection(ProjectConfigurationPlatforms) = postSolution
		{E6EC48C1-E69B-4FBB-9DDE-8256CB319103}.Debug|Any CPU.ActiveCfg = Debug|Any CPU
		{E6EC48C1-E69B-4FBB-9DDE-8256CB319103}.Debug|Any CPU.Build.0 = Debug|Any CPU
		{E6EC48C1-E69B-4FBB-9DDE-8256CB319103}.Release|Any CPU.ActiveCfg = Release|Any CPU
		{E6EC48C1-E69B-4FBB-9DDE-8256CB319103}.Release|Any CPU.Build.0 = Release|Any CPU
		{19835B64-D9FD-417E-B24B-5FB606EA90C9}.Debug|Any CPU.ActiveCfg = Debug|Any CPU
		{19835B64-D9FD-417E-B24B-5FB606EA90C9}.Debug|Any CPU.Build.0 = Debug|Any CPU
		{19835B64-D9FD-417E-B24B-5FB606EA90C9}.Release|Any CPU.ActiveCfg = Release|Any CPU
		{19835B64-D9FD-417E-B24B-5FB606EA90C9}.Release|Any CPU.Build.0 = Release|Any CPU
		{7D49E64B-6DF5-4B06-A2D6-7A9759FEC527}.Debug|Any CPU.ActiveCfg = Debug|Any CPU
		{7D49E64B-6DF5-4B06-A2D6-7A9759FEC527}.Debug|Any CPU.Build.0 = Debug|Any CPU
		{7D49E64B-6DF5-4B06-A2D6-7A9759FEC527}.Release|Any CPU.ActiveCfg = Release|Any CPU
		{7D49E64B-6DF5-4B06-A2D6-7A9759FEC527}.Release|Any CPU.Build.0 = Release|Any CPU
		{EEC36996-85F7-48FD-8835-5E769191DC11}.Debug|Any CPU.ActiveCfg = Debug|Any CPU
		{EEC36996-85F7-48FD-8835-5E769191DC11}.Debug|Any CPU.Build.0 = Debug|Any CPU
		{EEC36996-85F7-48FD-8835-5E769191DC11}.Release|Any CPU.ActiveCfg = Release|Any CPU
		{EEC36996-85F7-48FD-8835-5E769191DC11}.Release|Any CPU.Build.0 = Release|Any CPU
		{AFB0CEC6-90DC-4607-B1C0-E827F6DC47AE}.Debug|Any CPU.ActiveCfg = Debug|Any CPU
		{AFB0CEC6-90DC-4607-B1C0-E827F6DC47AE}.Debug|Any CPU.Build.0 = Debug|Any CPU
		{AFB0CEC6-90DC-4607-B1C0-E827F6DC47AE}.Release|Any CPU.ActiveCfg = Release|Any CPU
		{AFB0CEC6-90DC-4607-B1C0-E827F6DC47AE}.Release|Any CPU.Build.0 = Release|Any CPU
		{97ED241F-9284-4EA6-87B7-AFAEE1095019}.Debug|Any CPU.ActiveCfg = Debug|Any CPU
		{97ED241F-9284-4EA6-87B7-AFAEE1095019}.Debug|Any CPU.Build.0 = Debug|Any CPU
		{97ED241F-9284-4EA6-87B7-AFAEE1095019}.Release|Any CPU.ActiveCfg = Release|Any CPU
		{97ED241F-9284-4EA6-87B7-AFAEE1095019}.Release|Any CPU.Build.0 = Release|Any CPU
		{1B17E313-7C33-4890-9CD6-E32B16F9FDE4}.Debug|Any CPU.ActiveCfg = Debug|Any CPU
		{1B17E313-7C33-4890-9CD6-E32B16F9FDE4}.Debug|Any CPU.Build.0 = Debug|Any CPU
		{1B17E313-7C33-4890-9CD6-E32B16F9FDE4}.Release|Any CPU.ActiveCfg = Release|Any CPU
		{1B17E313-7C33-4890-9CD6-E32B16F9FDE4}.Release|Any CPU.Build.0 = Release|Any CPU
		{7B72FFE8-BDDF-4D2C-9A8E-F51B59F7B949}.Debug|Any CPU.ActiveCfg = Debug|Any CPU
		{7B72FFE8-BDDF-4D2C-9A8E-F51B59F7B949}.Debug|Any CPU.Build.0 = Debug|Any CPU
		{7B72FFE8-BDDF-4D2C-9A8E-F51B59F7B949}.Release|Any CPU.ActiveCfg = Release|Any CPU
		{7B72FFE8-BDDF-4D2C-9A8E-F51B59F7B949}.Release|Any CPU.Build.0 = Release|Any CPU
		{E9A5242E-1DA9-4B52-8299-E15F51D6ADFC}.Debug|Any CPU.ActiveCfg = Debug|Any CPU
		{E9A5242E-1DA9-4B52-8299-E15F51D6ADFC}.Debug|Any CPU.Build.0 = Debug|Any CPU
		{E9A5242E-1DA9-4B52-8299-E15F51D6ADFC}.Release|Any CPU.ActiveCfg = Release|Any CPU
		{E9A5242E-1DA9-4B52-8299-E15F51D6ADFC}.Release|Any CPU.Build.0 = Release|Any CPU
	EndGlobalSection
	GlobalSection(SolutionProperties) = preSolution
		HideSolutionNode = FALSE
	EndGlobalSection
	GlobalSection(NestedProjects) = preSolution
		{19835B64-D9FD-417E-B24B-5FB606EA90C9} = {6CFC2118-7F7E-4B24-991C-BDB80CDEFB15}
		{7D49E64B-6DF5-4B06-A2D6-7A9759FEC527} = {6CFC2118-7F7E-4B24-991C-BDB80CDEFB15}
		{E6EC48C1-E69B-4FBB-9DDE-8256CB319103} = {6CFC2118-7F7E-4B24-991C-BDB80CDEFB15}
		{AFB0CEC6-90DC-4607-B1C0-E827F6DC47AE} = {6CFC2118-7F7E-4B24-991C-BDB80CDEFB15}
		{97ED241F-9284-4EA6-87B7-AFAEE1095019} = {6CFC2118-7F7E-4B24-991C-BDB80CDEFB15}
		{7B72FFE8-BDDF-4D2C-9A8E-F51B59F7B949} = {6CFC2118-7F7E-4B24-991C-BDB80CDEFB15}
		{E9A5242E-1DA9-4B52-8299-E15F51D6ADFC} = {6CFC2118-7F7E-4B24-991C-BDB80CDEFB15}
		{EEC36996-85F7-48FD-8835-5E769191DC11} = {A4A8E703-2382-46D6-B525-95CC32A2C07E}
		{1B17E313-7C33-4890-9CD6-E32B16F9FDE4} = {A4A8E703-2382-46D6-B525-95CC32A2C07E}
	EndGlobalSection
EndGlobal
